{
  "name": "php-docker",
  "lockfileVersion": 2,
  "requires": true,
  "packages": {
    "": {
      "dependencies": {
        "barba.js": "^1.0.0"
      }
    },
    "node_modules/barba.js": {
      "version": "1.0.0",
      "resolved": "https://registry.npmjs.org/barba.js/-/barba.js-1.0.0.tgz",
      "integrity": "sha512-JXhSw4y0XjhGavkxLOBrp/qXHql6HW2pw18qCBA9EWavvb12SFfv56JceZVHfwV+PxVlwb9QxNwyIXuSeQkoZA=="
    }
  },
  "dependencies": {
    "barba.js": {
      "version": "1.0.0",
      "resolved": "https://registry.npmjs.org/barba.js/-/barba.js-1.0.0.tgz",
      "integrity": "sha512-JXhSw4y0XjhGavkxLOBrp/qXHql6HW2pw18qCBA9EWavvb12SFfv56JceZVHfwV+PxVlwb9QxNwyIXuSeQkoZA=="
    }
  }
}
